
Microsoft Visual Studio Solution File, Format Version 12.00
# Visual Studio 15
VisualStudioVersion = 15.0.28307.168
MinimumVisualStudioVersion = 10.0.40219.1
Project("{FAE04EC0-301F-11D3-BF4B-00C04F79EFBC}") = "GraniteWarehouse", "GraniteWarehouse\GraniteWarehouse.csproj", "{91322314-3D38-4137-A144-1A79EA4AF80A}"
EndProject
Global
	GlobalSection(SolutionConfigurationPlatforms) = preSolution
		Debug|Any CPU = Debug|Any CPU
		Release|Any CPU = Release|Any CPU
	EndGlobalSection
	GlobalSection(ProjectConfigurationPlatforms) = postSolution
		{91322314-3D38-4137-A144-1A79EA4AF80A}.Debug|Any CPU.ActiveCfg = Debug|Any CPU
		{91322314-3D38-4137-A144-1A79EA4AF80A}.Debug|Any CPU.Build.0 = Debug|Any CPU
		{91322314-3D38-4137-A144-1A79EA4AF80A}.Release|Any CPU.ActiveCfg = Release|Any CPU
		{91322314-3D38-4137-A144-1A79EA4AF80A}.Release|Any CPU.Build.0 = Release|Any CPU
	EndGlobalSection
	GlobalSection(SolutionProperties) = preSolution
		HideSolutionNode = FALSE
	EndGlobalSection
	GlobalSection(ExtensibilityGlobals) = postSolution
		SolutionGuid = {F1F43B68-CB1A-49C6-80A9-DBE6D389BB8E}
	EndGlobalSection
EndGlobal
